
Microsoft Visual Studio Solution File, Format Version 12.00
# Visual Studio 15
VisualStudioVersion = 15.0.26730.16
MinimumVisualStudioVersion = 10.0.40219.1
Project("{8BC9CEB8-8B4A-11D0-8D11-00A0C91BC942}") = "Pattern_In_Genome", "Pattern_In_Genome\Pattern_In_Genome.vcxproj", "{564608D7-AF3A-4A44-9FDC-2C9BB2E49E6C}"
EndProject
Global
	GlobalSection(SolutionConfigurationPlatforms) = preSolution
		Debug|x64 = Debug|x64
		Debug|x86 = Debug|x86
		Release|x64 = Release|x64
		Release|x86 = Release|x86
	EndGlobalSection
	GlobalSection(ProjectConfigurationPlatforms) = postSolution
		{564608D7-AF3A-4A44-9FDC-2C9BB2E49E6C}.Debug|x64.ActiveCfg = Debug|x64
		{564608D7-AF3A-4A44-9FDC-2C9BB2E49E6C}.Debug|x64.Build.0 = Debug|x64
		{564608D7-AF3A-4A44-9FDC-2C9BB2E49E6C}.Debug|x86.ActiveCfg = Debug|Win32
		{564608D7-AF3A-4A44-9FDC-2C9BB2E49E6C}.Debug|x86.Build.0 = Debug|Win32
		{564608D7-AF3A-4A44-9FDC-2C9BB2E49E6C}.Release|x64.ActiveCfg = Release|x64
		{564608D7-AF3A-4A44-9FDC-2C9BB2E49E6C}.Release|x64.Build.0 = Release|x64
		{564608D7-AF3A-4A44-9FDC-2C9BB2E49E6C}.Release|x86.ActiveCfg = Release|Win32
		{564608D7-AF3A-4A44-9FDC-2C9BB2E49E6C}.Release|x86.Build.0 = Release|Win32
	EndGlobalSection
	GlobalSection(SolutionProperties) = preSolution
		HideSolutionNode = FALSE
	EndGlobalSection
	GlobalSection(ExtensibilityGlobals) = postSolution
		SolutionGuid = {8A64A6CD-683D-49CB-8D64-3857B6E58AD1}
	EndGlobalSection
EndGlobal
